
Microsoft Visual Studio Solution File, Format Version 12.00
# Visual Studio Version 17
VisualStudioVersion = 17.5.002.0
MinimumVisualStudioVersion = 10.0.40219.1
Project("{9A19103F-16F7-4668-BE54-9A1E7A4F7556}") = "FileExplorer", "FileExplorer.csproj", "{20C012CE-02A3-49CC-8C63-4E493E3D0E95}"
EndProject
Global
	GlobalSection(SolutionConfigurationPlatforms) = preSolution
		Debug|Any CPU = Debug|Any CPU
		Release|Any CPU = Release|Any CPU
	EndGlobalSection
	GlobalSection(ProjectConfigurationPlatforms) = postSolution
		{20C012CE-02A3-49CC-8C63-4E493E3D0E95}.Debug|Any CPU.ActiveCfg = Debug|Any CPU
		{20C012CE-02A3-49CC-8C63-4E493E3D0E95}.Debug|Any CPU.Build.0 = Debug|Any CPU
		{20C012CE-02A3-49CC-8C63-4E493E3D0E95}.Release|Any CPU.ActiveCfg = Release|Any CPU
		{20C012CE-02A3-49CC-8C63-4E493E3D0E95}.Release|Any CPU.Build.0 = Release|Any CPU
	EndGlobalSection
	GlobalSection(SolutionProperties) = preSolution
		HideSolutionNode = FALSE
	EndGlobalSection
	GlobalSection(ExtensibilityGlobals) = postSolution
		SolutionGuid = {2552203C-28D1-428C-BCDB-C170B9E7710D}
	EndGlobalSection
EndGlobal
